[[package]]
category = "main"
description = "Python package for providing Mozilla's CA Bundle."
name = "certifi"
optional = false
python-versions = "*"
version = "2019.11.28"

[[package]]
category = "main"
description = "Universal encoding detector for Python 2 and 3"
name = "chardet"
optional = false
python-versions = "*"
version = "3.0.4"

[[package]]
category = "main"
description = "Python @deprecated decorator to deprecate old python classes, functions or methods."
name = "deprecated"
optional = false
python-versions = ">=2.7, !=3.0.*, !=3.1.*, !=3.2.*, !=3.3.*"
version = "1.2.7"

[package.dependencies]
wrapt = ">=1.10,<2"

[package.extras]
dev = ["tox", "bumpversion (<1)", "sphinx (<2)", "PyTest (<5)", "PyTest-Cov (<2.6)", "pytest", "pytest-cov"]

[[package]]
category = "main"
description = "simplified environment variable parsing"
name = "environs"
optional = false
python-versions = ">=3.5"
version = "7.3.1"

[package.dependencies]
marshmallow = ">=2.7.0"
python-dotenv = "*"

[package.extras]
dev = ["pytest", "dj-database-url", "dj-email-url", "django-cache-url", "flake8 (3.7.9)", "flake8-bugbear (20.1.4)", "mypy (0.770)", "pre-commit (>=1.20,<3.0)", "tox"]
django = ["dj-database-url", "dj-email-url", "django-cache-url"]
lint = ["flake8 (3.7.9)", "flake8-bugbear (20.1.4)", "mypy (0.770)", "pre-commit (>=1.20,<3.0)"]
tests = ["pytest", "dj-database-url", "dj-email-url", "django-cache-url"]

[[package]]
category = "main"
description = "Internationalized Domain Names in Applications (IDNA)"
name = "idna"
optional = false
python-versions = ">=2.7, !=3.0.*, !=3.1.*, !=3.2.*, !=3.3.*"
version = "2.9"

[[package]]
category = "main"
description = "A lightweight library for converting complex datatypes to and from native Python datatypes."
name = "marshmallow"
optional = false
python-versions = ">=3.5"
version = "3.5.1"

[package.extras]
dev = ["pytest", "pytz", "simplejson", "mypy (0.761)", "flake8 (3.7.9)", "flake8-bugbear (20.1.4)", "pre-commit (>=1.20,<3.0)", "tox"]
docs = ["sphinx (2.4.3)", "sphinx-issues (1.2.0)", "alabaster (0.7.12)", "sphinx-version-warning (1.1.2)"]
lint = ["mypy (0.761)", "flake8 (3.7.9)", "flake8-bugbear (20.1.4)", "pre-commit (>=1.20,<3.0)"]
tests = ["pytest", "pytz", "simplejson"]

[[package]]
category = "main"
description = "Use the full Github API v3"
name = "pygithub"
optional = false
python-versions = ">=3.5"
version = "1.47"

[package.dependencies]
deprecated = "*"
pyjwt = "*"
requests = ">=2.14.0"

[package.extras]
integrations = ["cryptography"]

[[package]]
category = "main"
description = "JSON Web Token implementation in Python"
name = "pyjwt"
optional = false
python-versions = "*"
version = "1.7.1"

[package.extras]
crypto = ["cryptography (>=1.4)"]
flake8 = ["flake8", "flake8-import-order", "pep8-naming"]
test = ["pytest (>=4.0.1,<5.0.0)", "pytest-cov (>=2.6.0,<3.0.0)", "pytest-runner (>=4.2,<5.0.0)"]

[[package]]
category = "main"
description = "Add .env support to your django/flask apps in development and deployments"
name = "python-dotenv"
optional = false
python-versions = "*"
version = "0.12.0"

[package.extras]
cli = ["click (>=5.0)"]

[[package]]
category = "main"
description = "Python HTTP for Humans."
name = "requests"
optional = false
python-versions = ">=2.7, !=3.0.*, !=3.1.*, !=3.2.*, !=3.3.*, !=3.4.*"
version = "2.23.0"

[package.dependencies]
certifi = ">=2017.4.17"
chardet = ">=3.0.2,<4"
idna = ">=2.5,<3"
urllib3 = ">=1.21.1,<1.25.0 || >1.25.0,<1.25.1 || >1.25.1,<1.26"

[package.extras]
security = ["pyOpenSSL (>=0.14)", "cryptography (>=1.3.4)"]
socks = ["PySocks (>=1.5.6,<1.5.7 || >1.5.7)", "win-inet-pton"]

[[package]]
category = "main"
description = "HTTP library with thread-safe connection pooling, file post, and more."
name = "urllib3"
optional = false
python-versions = ">=2.7, !=3.0.*, !=3.1.*, !=3.2.*, !=3.3.*, !=3.4.*, <4"
version = "1.25.8"

[package.extras]
brotli = ["brotlipy (>=0.6.0)"]
secure = ["pyOpenSSL (>=0.14)", "cryptography (>=1.3.4)", "idna (>=2.0.0)", "certifi", "ipaddress"]
socks = ["PySocks (>=1.5.6,<1.5.7 || >1.5.7,<2.0)"]

[[package]]
category = "main"
description = "Module for decorators, wrappers and monkey patching."
name = "wrapt"
optional = false
python-versions = "*"
version = "1.12.1"

[metadata]
content-hash = "7019b1031fce2dbdaf912c9d5eb1bdf51de038faf4982c4ef7855000279fe2ef"
python-versions = "^3.8"

[metadata.files]
certifi = [
    {file = "certifi-2019.11.28-py2.py3-none-any.whl", hash = "sha256:017c25db2a153ce562900032d5bc68e9f191e44e9a0f762f373977de9df1fbb3"},
    {file = "certifi-2019.11.28.tar.gz", hash = "sha256:25b64c7da4cd7479594d035c08c2d809eb4aab3a26e5a990ea98cc450c320f1f"},
]
chardet = [
    {file = "chardet-3.0.4-py2.py3-none-any.whl", hash = "sha256:fc323ffcaeaed0e0a02bf4d117757b98aed530d9ed4531e3e15460124c106691"},
    {file = "chardet-3.0.4.tar.gz", hash = "sha256:84ab92ed1c4d4f16916e05906b6b75a6c0fb5db821cc65e70cbd64a3e2a5eaae"},
]
deprecated = [
    {file = "Deprecated-1.2.7-py2.py3-none-any.whl", hash = "sha256:8b6a5aa50e482d8244a62e5582b96c372e87e3a28e8b49c316e46b95c76a611d"},
    {file = "Deprecated-1.2.7.tar.gz", hash = "sha256:408038ab5fdeca67554e8f6742d1521cd3cd0ee0ff9d47f29318a4f4da31c308"},
]
environs = [
    {file = "environs-7.3.1-py2.py3-none-any.whl", hash = "sha256:9502d78a3b7ea23c211c3a88f4f946d188a7d936c59c3609f9303aeb26cdc58d"},
    {file = "environs-7.3.1.tar.gz", hash = "sha256:68d53c4bb283d8008865815226afba83ab2ea09898e564f3399c9e73b3d4bcfd"},
]
idna = [
    {file = "idna-2.9-py2.py3-none-any.whl", hash = "sha256:a068a21ceac8a4d63dbfd964670474107f541babbd2250d61922f029858365fa"},
    {file = "idna-2.9.tar.gz", hash = "sha256:7588d1c14ae4c77d74036e8c22ff447b26d0fde8f007354fd48a7814db15b7cb"},
]
marshmallow = [
    {file = "marshmallow-3.5.1-py2.py3-none-any.whl", hash = "sha256:ac2e13b30165501b7d41fc0371b8df35944f5849769d136f20e2c5f6cdc6e665"},
    {file = "marshmallow-3.5.1.tar.gz", hash = "sha256:90854221bbb1498d003a0c3cc9d8390259137551917961c8b5258c64026b2f85"},
]
pygithub = [
    {file = "PyGithub-1.47-py3-none-any.whl", hash = "sha256:2638ea9a2070d995197dca2ac521c207f8de000cc3aa5e912e264932886781ba"},
    {file = "PyGithub-1.47.tar.gz", hash = "sha256:f3e701a227a81a16fe35695ae812c1ce9290dfb6a5190b364c29cef7d8638a10"},
]
pyjwt = [
    {file = "PyJWT-1.7.1-py2.py3-none-any.whl", hash = "sha256:5c6eca3c2940464d106b99ba83b00c6add741c9becaec087fb7ccdefea71350e"},
    {file = "PyJWT-1.7.1.tar.gz", hash = "sha256:8d59a976fb773f3e6a39c85636357c4f0e242707394cadadd9814f5cbaa20e96"},
]
python-dotenv = [
    {file = "python-dotenv-0.12.0.tar.gz", hash = "sha256:92b3123fb2d58a284f76cc92bfe4ee6c502c32ded73e8b051c4f6afc8b6751ed"},
    {file = "python_dotenv-0.12.0-py2.py3-none-any.whl", hash = "sha256:81822227f771e0cab235a2939f0f265954ac4763cafd806d845801c863bf372f"},
]
requests = [
    {file = "requests-2.23.0-py2.py3-none-any.whl", hash = "sha256:43999036bfa82904b6af1d99e4882b560e5e2c68e5c4b0aa03b655f3d7d73fee"},
    {file = "requests-2.23.0.tar.gz", hash = "sha256:b3f43d496c6daba4493e7c431722aeb7dbc6288f52a6e04e7b6023b0247817e6"},
]
urllib3 = [
    {file = "urllib3-1.25.8-py2.py3-none-any.whl", hash = "sha256:2f3db8b19923a873b3e5256dc9c2dedfa883e33d87c690d9c7913e1f40673cdc"},
    {file = "urllib3-1.25.8.tar.gz", hash = "sha256:87716c2d2a7121198ebcb7ce7cccf6ce5e9ba539041cfbaeecfb641dc0bf6acc"},
]
wrapt = [
    {file = "wrapt-1.12.1.tar.gz", hash = "sha256:b62ffa81fb85f4332a4f609cab4ac40709470da05643a082ec1eb88e6d9b97d7"},
]
